
Microsoft Visual Studio Solution File, Format Version 12.00
# Visual Studio Version 16
VisualStudioVersion = 16.0.32413.511
MinimumVisualStudioVersion = 10.0.40219.1
Project("{9A19103F-16F7-4668-BE54-9A1E7A4F7556}") = "ToDoList", "ToDoList\ToDoList.csproj", "{33DF8C26-CB25-4548-83E9-2613FB93BF9D}"
	ProjectSection(ProjectDependencies) = postProject
		{1A21692F-B55F-458A-895E-EE3D6D2E9CF1} = {1A21692F-B55F-458A-895E-EE3D6D2E9CF1}
	EndProjectSection
EndProject
Project("{FAE04EC0-301F-11D3-BF4B-00C04F79EFBC}") = "Entity", "Entity\Entity.csproj", "{1A21692F-B55F-458A-895E-EE3D6D2E9CF1}"
EndProject
Global
	GlobalSection(SolutionConfigurationPlatforms) = preSolution
		Debug|Any CPU = Debug|Any CPU
		Release|Any CPU = Release|Any CPU
	EndGlobalSection
	GlobalSection(ProjectConfigurationPlatforms) = postSolution
		{33DF8C26-CB25-4548-83E9-2613FB93BF9D}.Debug|Any CPU.ActiveCfg = Debug|Any CPU
		{33DF8C26-CB25-4548-83E9-2613FB93BF9D}.Debug|Any CPU.Build.0 = Debug|Any CPU
		{33DF8C26-CB25-4548-83E9-2613FB93BF9D}.Release|Any CPU.ActiveCfg = Release|Any CPU
		{33DF8C26-CB25-4548-83E9-2613FB93BF9D}.Release|Any CPU.Build.0 = Release|Any CPU
		{1A21692F-B55F-458A-895E-EE3D6D2E9CF1}.Debug|Any CPU.ActiveCfg = Debug|Any CPU
		{1A21692F-B55F-458A-895E-EE3D6D2E9CF1}.Debug|Any CPU.Build.0 = Debug|Any CPU
		{1A21692F-B55F-458A-895E-EE3D6D2E9CF1}.Release|Any CPU.ActiveCfg = Release|Any CPU
		{1A21692F-B55F-458A-895E-EE3D6D2E9CF1}.Release|Any CPU.Build.0 = Release|Any CPU
	EndGlobalSection
	GlobalSection(SolutionProperties) = preSolution
		HideSolutionNode = FALSE
	EndGlobalSection
	GlobalSection(ExtensibilityGlobals) = postSolution
		SolutionGuid = {ABD3C30C-55A8-4077-B79D-C62214991865}
	EndGlobalSection
EndGlobal
